
Microsoft Visual Studio Solution File, Format Version 12.00
# Visual Studio Version 16
VisualStudioVersion = 16.0.28922.388
MinimumVisualStudioVersion = 10.0.40219.1
Project("{FAE04EC0-301F-11D3-BF4B-00C04F79EFBC}") = "Delpin", "Delpin\Delpin.csproj", "{05507060-78D8-40D6-942A-EF9E8CD52806}"
EndProject
Project("{FAE04EC0-301F-11D3-BF4B-00C04F79EFBC}") = "Backend", "..\Backend\Backend\Backend.csproj", "{8F14EB22-72B9-4F1B-AC87-AAA315EBF187}"
EndProject
Global
	GlobalSection(SolutionConfigurationPlatforms) = preSolution
		Debug|Any CPU = Debug|Any CPU
		Release|Any CPU = Release|Any CPU
	EndGlobalSection
	GlobalSection(ProjectConfigurationPlatforms) = postSolution
		{05507060-78D8-40D6-942A-EF9E8CD52806}.Debug|Any CPU.ActiveCfg = Debug|Any CPU
		{05507060-78D8-40D6-942A-EF9E8CD52806}.Debug|Any CPU.Build.0 = Debug|Any CPU
		{05507060-78D8-40D6-942A-EF9E8CD52806}.Release|Any CPU.ActiveCfg = Release|Any CPU
		{05507060-78D8-40D6-942A-EF9E8CD52806}.Release|Any CPU.Build.0 = Release|Any CPU
		{8F14EB22-72B9-4F1B-AC87-AAA315EBF187}.Debug|Any CPU.ActiveCfg = Debug|Any CPU
		{8F14EB22-72B9-4F1B-AC87-AAA315EBF187}.Debug|Any CPU.Build.0 = Debug|Any CPU
		{8F14EB22-72B9-4F1B-AC87-AAA315EBF187}.Release|Any CPU.ActiveCfg = Release|Any CPU
		{8F14EB22-72B9-4F1B-AC87-AAA315EBF187}.Release|Any CPU.Build.0 = Release|Any CPU
	EndGlobalSection
	GlobalSection(SolutionProperties) = preSolution
		HideSolutionNode = FALSE
	EndGlobalSection
	GlobalSection(ExtensibilityGlobals) = postSolution
		SolutionGuid = {2A9432A3-00D3-4C96-8243-E9F80AF7ED95}
	EndGlobalSection
EndGlobal
